
Microsoft Visual Studio Solution File, Format Version 12.00
# Visual Studio Version 18
VisualStudioVersion = 18.0.11222.15
MinimumVisualStudioVersion = 10.0.40219.1
Project("{2150E333-8FDC-42A3-9474-1A3956D46DE8}") = "src", "src", "{A0000001-0000-0000-0000-000000000001}"
EndProject
Project("{2150E333-8FDC-42A3-9474-1A3956D46DE8}") = "sdk", "sdk", "{A0000002-0000-0000-0000-000000000002}"
EndProject
Project("{2150E333-8FDC-42A3-9474-1A3956D46DE8}") = "tools", "tools", "{A0000003-0000-0000-0000-000000000003}"
EndProject
Project("{2150E333-8FDC-42A3-9474-1A3956D46DE8}") = "samples", "samples", "{A0000004-0000-0000-0000-000000000004}"
EndProject
Project("{2150E333-8FDC-42A3-9474-1A3956D46DE8}") = "Solution Items", "Solution Items", "{A0000005-0000-0000-0000-000000000005}"
	ProjectSection(SolutionItems) = preProject
		README.md = README.md
		LICENSE = LICENSE
		CONTRIBUTING.md = CONTRIBUTING.md
		CHANGELOG.md = CHANGELOG.md
		global.json = global.json
		nuget.config = nuget.config
	EndProjectSection
EndProject
Project("{FAE04EC0-301F-11D3-BF4B-00C04F79EFBC}") = "WasmMvcRuntime.Abstractions", "WasmMvcRuntime.Abstractions\WasmMvcRuntime.Abstractions.csproj", "{42CE3DB2-F290-40C3-BEFC-3CDC0F40E54D}"
EndProject
Project("{FAE04EC0-301F-11D3-BF4B-00C04F79EFBC}") = "WasmMvcRuntime.Core", "WasmMvcRuntime.Core\WasmMvcRuntime.Core.csproj", "{74ED9B76-8068-4647-98F5-C545DDEF0880}"
EndProject
Project("{FAE04EC0-301F-11D3-BF4B-00C04F79EFBC}") = "WasmMvcRuntime.Identity", "WasmMvcRuntime.Identity\WasmMvcRuntime.Identity.csproj", "{11CD3F95-734B-4646-8A6F-67A6CDF94AE9}"
EndProject
Project("{FAE04EC0-301F-11D3-BF4B-00C04F79EFBC}") = "WasmMvcRuntime.Data", "WasmMvcRuntime.Data\WasmMvcRuntime.Data.csproj", "{CEB2C8D4-2E7D-4183-808B-C211EF42B046}"
EndProject
Project("{FAE04EC0-301F-11D3-BF4B-00C04F79EFBC}") = "WasmMvcRuntime.App", "WasmMvcRuntime.App\WasmMvcRuntime.App.csproj", "{566DC3DC-A8ED-E764-EE22-8E6630199C0A}"
EndProject
Project("{FAE04EC0-301F-11D3-BF4B-00C04F79EFBC}") = "WasmMvcRuntime.Client", "WasmMvcRuntime.Client\WasmMvcRuntime.Client.csproj", "{C75391F7-972C-43B6-84BF-74E79C37893B}"
EndProject
Project("{FAE04EC0-301F-11D3-BF4B-00C04F79EFBC}") = "WasmMvcRuntime.Cepha", "WasmMvcRuntime.Cepha\WasmMvcRuntime.Cepha.csproj", "{8D8E1A7B-2DD7-41F9-AE11-EFEEFB6BCAAA}"
EndProject
Project("{FAE04EC0-301F-11D3-BF4B-00C04F79EFBC}") = "Cepha.CLI", "Cepha.CLI\Cepha.CLI.csproj", "{B1000001-0000-0000-0000-000000000001}"
EndProject
Project("{FAE04EC0-301F-11D3-BF4B-00C04F79EFBC}") = "NetWasmMvc.SDK", "NetWasmMvc.SDK\NetWasmMvc.SDK.csproj", "{B2000001-0000-0000-0000-000000000001}"
EndProject
Project("{FAE04EC0-301F-11D3-BF4B-00C04F79EFBC}") = "Cepha.Sdk", "Cepha.Sdk\Cepha.Sdk.csproj", "{00FC0868-3DB0-11FD-C403-67BB804A7664}"
EndProject
Global
	GlobalSection(SolutionConfigurationPlatforms) = preSolution
		Debug|Any CPU = Debug|Any CPU
		Release|Any CPU = Release|Any CPU
	EndGlobalSection
	GlobalSection(ProjectConfigurationPlatforms) = postSolution
		{42CE3DB2-F290-40C3-BEFC-3CDC0F40E54D}.Debug|Any CPU.ActiveCfg = Debug|Any CPU
		{42CE3DB2-F290-40C3-BEFC-3CDC0F40E54D}.Debug|Any CPU.Build.0 = Debug|Any CPU
		{42CE3DB2-F290-40C3-BEFC-3CDC0F40E54D}.Release|Any CPU.ActiveCfg = Release|Any CPU
		{42CE3DB2-F290-40C3-BEFC-3CDC0F40E54D}.Release|Any CPU.Build.0 = Release|Any CPU
		{74ED9B76-8068-4647-98F5-C545DDEF0880}.Debug|Any CPU.ActiveCfg = Debug|Any CPU
		{74ED9B76-8068-4647-98F5-C545DDEF0880}.Debug|Any CPU.Build.0 = Debug|Any CPU
		{74ED9B76-8068-4647-98F5-C545DDEF0880}.Release|Any CPU.ActiveCfg = Release|Any CPU
		{74ED9B76-8068-4647-98F5-C545DDEF0880}.Release|Any CPU.Build.0 = Release|Any CPU
		{11CD3F95-734B-4646-8A6F-67A6CDF94AE9}.Debug|Any CPU.ActiveCfg = Debug|Any CPU
		{11CD3F95-734B-4646-8A6F-67A6CDF94AE9}.Debug|Any CPU.Build.0 = Debug|Any CPU
		{11CD3F95-734B-4646-8A6F-67A6CDF94AE9}.Release|Any CPU.ActiveCfg = Release|Any CPU
		{11CD3F95-734B-4646-8A6F-67A6CDF94AE9}.Release|Any CPU.Build.0 = Release|Any CPU
		{CEB2C8D4-2E7D-4183-808B-C211EF42B046}.Debug|Any CPU.ActiveCfg = Debug|Any CPU
		{CEB2C8D4-2E7D-4183-808B-C211EF42B046}.Debug|Any CPU.Build.0 = Debug|Any CPU
		{CEB2C8D4-2E7D-4183-808B-C211EF42B046}.Release|Any CPU.ActiveCfg = Release|Any CPU
		{CEB2C8D4-2E7D-4183-808B-C211EF42B046}.Release|Any CPU.Build.0 = Release|Any CPU
		{566DC3DC-A8ED-E764-EE22-8E6630199C0A}.Debug|Any CPU.ActiveCfg = Debug|Any CPU
		{566DC3DC-A8ED-E764-EE22-8E6630199C0A}.Debug|Any CPU.Build.0 = Debug|Any CPU
		{566DC3DC-A8ED-E764-EE22-8E6630199C0A}.Release|Any CPU.ActiveCfg = Release|Any CPU
		{566DC3DC-A8ED-E764-EE22-8E6630199C0A}.Release|Any CPU.Build.0 = Release|Any CPU
		{C75391F7-972C-43B6-84BF-74E79C37893B}.Debug|Any CPU.ActiveCfg = Debug|Any CPU
		{C75391F7-972C-43B6-84BF-74E79C37893B}.Debug|Any CPU.Build.0 = Debug|Any CPU
		{C75391F7-972C-43B6-84BF-74E79C37893B}.Release|Any CPU.ActiveCfg = Release|Any CPU
		{C75391F7-972C-43B6-84BF-74E79C37893B}.Release|Any CPU.Build.0 = Release|Any CPU
		{8D8E1A7B-2DD7-41F9-AE11-EFEEFB6BCAAA}.Debug|Any CPU.ActiveCfg = Debug|Any CPU
		{8D8E1A7B-2DD7-41F9-AE11-EFEEFB6BCAAA}.Debug|Any CPU.Build.0 = Debug|Any CPU
		{8D8E1A7B-2DD7-41F9-AE11-EFEEFB6BCAAA}.Release|Any CPU.ActiveCfg = Release|Any CPU
		{8D8E1A7B-2DD7-41F9-AE11-EFEEFB6BCAAA}.Release|Any CPU.Build.0 = Release|Any CPU
		{B1000001-0000-0000-0000-000000000001}.Debug|Any CPU.ActiveCfg = Debug|Any CPU
		{B1000001-0000-0000-0000-000000000001}.Debug|Any CPU.Build.0 = Debug|Any CPU
		{B1000001-0000-0000-0000-000000000001}.Release|Any CPU.ActiveCfg = Release|Any CPU
		{B1000001-0000-0000-0000-000000000001}.Release|Any CPU.Build.0 = Release|Any CPU
		{B2000001-0000-0000-0000-000000000001}.Debug|Any CPU.ActiveCfg = Debug|Any CPU
		{B2000001-0000-0000-0000-000000000001}.Debug|Any CPU.Build.0 = Debug|Any CPU
		{B2000001-0000-0000-0000-000000000001}.Release|Any CPU.ActiveCfg = Release|Any CPU
		{B2000001-0000-0000-0000-000000000001}.Release|Any CPU.Build.0 = Release|Any CPU
		{00FC0868-3DB0-11FD-C403-67BB804A7664}.Debug|Any CPU.ActiveCfg = Debug|Any CPU
		{00FC0868-3DB0-11FD-C403-67BB804A7664}.Debug|Any CPU.Build.0 = Debug|Any CPU
		{00FC0868-3DB0-11FD-C403-67BB804A7664}.Release|Any CPU.ActiveCfg = Release|Any CPU
		{00FC0868-3DB0-11FD-C403-67BB804A7664}.Release|Any CPU.Build.0 = Release|Any CPU
	EndGlobalSection
	GlobalSection(SolutionProperties) = preSolution
		HideSolutionNode = FALSE
	EndGlobalSection
	GlobalSection(NestedProjects) = preSolution
		{42CE3DB2-F290-40C3-BEFC-3CDC0F40E54D} = {A0000001-0000-0000-0000-000000000001}
		{74ED9B76-8068-4647-98F5-C545DDEF0880} = {A0000001-0000-0000-0000-000000000001}
		{11CD3F95-734B-4646-8A6F-67A6CDF94AE9} = {A0000001-0000-0000-0000-000000000001}
		{CEB2C8D4-2E7D-4183-808B-C211EF42B046} = {A0000001-0000-0000-0000-000000000001}
		{566DC3DC-A8ED-E764-EE22-8E6630199C0A} = {A0000001-0000-0000-0000-000000000001}
		{C75391F7-972C-43B6-84BF-74E79C37893B} = {A0000001-0000-0000-0000-000000000001}
		{8D8E1A7B-2DD7-41F9-AE11-EFEEFB6BCAAA} = {A0000001-0000-0000-0000-000000000001}
		{B1000001-0000-0000-0000-000000000001} = {A0000003-0000-0000-0000-000000000003}
		{B2000001-0000-0000-0000-000000000001} = {A0000002-0000-0000-0000-000000000002}
		{00FC0868-3DB0-11FD-C403-67BB804A7664} = {A0000002-0000-0000-0000-000000000002}
	EndGlobalSection
	GlobalSection(ExtensibilityGlobals) = postSolution
		SolutionGuid = {DA739219-B7F5-47F9-A41D-DC4CC00BEEC2}
	EndGlobalSection
EndGlobal
