
Microsoft Visual Studio Solution File, Format Version 12.00
# Visual Studio Version 18
VisualStudioVersion = 18.3.11520.95 d18.3
MinimumVisualStudioVersion = 10.0.40219.1
Project("{FAE04EC0-301F-11D3-BF4B-00C04F79EFBC}") = "TestRefApp", "TestRefApp.csproj", "{82DDFAB5-0284-EBAF-AF14-83A2BE5653BF}"
EndProject
Global
	GlobalSection(SolutionConfigurationPlatforms) = preSolution
		Debug|Any CPU = Debug|Any CPU
		Release|Any CPU = Release|Any CPU
	EndGlobalSection
	GlobalSection(ProjectConfigurationPlatforms) = postSolution
		{82DDFAB5-0284-EBAF-AF14-83A2BE5653BF}.Debug|Any CPU.ActiveCfg = Debug|Any CPU
		{82DDFAB5-0284-EBAF-AF14-83A2BE5653BF}.Debug|Any CPU.Build.0 = Debug|Any CPU
		{82DDFAB5-0284-EBAF-AF14-83A2BE5653BF}.Release|Any CPU.ActiveCfg = Release|Any CPU
		{82DDFAB5-0284-EBAF-AF14-83A2BE5653BF}.Release|Any CPU.Build.0 = Release|Any CPU
	EndGlobalSection
	GlobalSection(SolutionProperties) = preSolution
		HideSolutionNode = FALSE
	EndGlobalSection
	GlobalSection(ExtensibilityGlobals) = postSolution
		SolutionGuid = {8EB69511-A247-426F-8EBC-7480CE5E42CF}
	EndGlobalSection
EndGlobal
